PODS:
  - Alamofire (4.7.0)
  - NVActivityIndicatorView (4.1.1):
    - NVActivityIndicatorView/Presenter (= 4.1.1)
  - NVActivityIndicatorView/Presenter (4.1.1)
  - SwiftyJSON (4.0.0)

DEPENDENCIES:
  - Alamofire (= 4.7)
  - NVActivityIndicatorView (= 4.1.1)
  - SwiftyJSON (= 4.0)

SPEC CHECKSUMS:
  Alamofire: 907e0a98eb68cdb7f9d1f541a563d6ac5dc77b25
  NVActivityIndicatorView: 60109b9bf46efc2e71ab81453196ccdfdfeea870
  SwiftyJSON: 070dabdcb1beb81b247c65ffa3a79dbbfb3b48aa

PODFILE CHECKSUM: 795561051972e7c50552c0623a89a1ba4156b41f

COCOAPODS: 1.4.0
